// !$*UTF8*$!
{
	archiveVersion = 1;
	classes = {
	};
	objectVersion = 50;
	objects = {

/* Begin PBXBuildFile section */
		14AF218D26300E9200399495 /* Person.swift in Sources */ = {isa = PBXBuildFile; fileRef = 14AF218C26300E9200399495 /* Person.swift */; };
		18D6A8C5263223B6008D3FC7 /* ViewController.swift in Sources */ = {isa = PBXBuildFile; fileRef = 18D6A8C4263223B6008D3FC7 /* ViewController.swift */; };
		18F4112B26299B3A00DC15A3 /* AppDelegate.swift in Sources */ = {isa = PBXBuildFile; fileRef = 18F4112A26299B3A00DC15A3 /* AppDelegate.swift */; };
		18F4112D26299B3A00DC15A3 /* SceneDelegate.swift in Sources */ = {isa = PBXBuildFile; fileRef = 18F4112C26299B3A00DC15A3 /* SceneDelegate.swift */; };
		18F4112F26299B3A00DC15A3 /* FirstViewController.swift in Sources */ = {isa = PBXBuildFile; fileRef = 18F4112E26299B3A00DC15A3 /* FirstViewController.swift */; };
		18F4113226299B3A00DC15A3 /* StasMain.storyboard in Resources */ = {isa = PBXBuildFile; fileRef = 18F4113026299B3A00DC15A3 /* StasMain.storyboard */; };
		18F4113426299B3B00DC15A3 /* Assets.xcassets in Resources */ = {isa = PBXBuildFile; fileRef = 18F4113326299B3B00DC15A3 /* Assets.xcassets */; };
		18F4113726299B3B00DC15A3 /* LaunchScreen.storyboard in Resources */ = {isa = PBXBuildFile; fileRef = 18F4113526299B3B00DC15A3 /* LaunchScreen.storyboard */; };
/* End PBXBuildFile section */

/* Begin PBXFileReference section */
		14AF218C26300E9200399495 /* Person.swift */ = {isa = PBXFileReference; lastKnownFileType = sourcecode.swift; path = Person.swift; sourceTree = SOURCE_ROOT; };
		18D6A8C4263223B6008D3FC7 /* ViewController.swift */ = {isa = PBXFileReference; lastKnownFileType = sourcecode.swift; path = ViewController.swift; sourceTree = "<group>"; };
		18F4112726299B3A00DC15A3 /* TeamProject.app */ = {isa = PBXFileReference; explicitFileType = wrapper.application; includeInIndex = 0; path = TeamProject.app; sourceTree = BUILT_PRODUCTS_DIR; };
		18F4112A26299B3A00DC15A3 /* AppDelegate.swift */ = {isa = PBXFileReference; lastKnownFileType = sourcecode.swift; path = AppDelegate.swift; sourceTree = "<group>"; };
		18F4112C26299B3A00DC15A3 /* SceneDelegate.swift */ = {isa = PBXFileReference; lastKnownFileType = sourcecode.swift; path = SceneDelegate.swift; sourceTree = "<group>"; };
		18F4112E26299B3A00DC15A3 /* FirstViewController.swift */ = {isa = PBXFileReference; lastKnownFileType = sourcecode.swift; path = FirstViewController.swift; sourceTree = "<group>"; };
		18F4113126299B3A00DC15A3 /* Base */ = {isa = PBXFileReference; lastKnownFileType = file.storyboard; name = Base; path = Base.lproj/StasMain.storyboard; sourceTree = "<group>"; };
		18F4113326299B3B00DC15A3 /* Assets.xcassets */ = {isa = PBXFileReference; lastKnownFileType = folder.assetcatalog; path = Assets.xcassets; sourceTree = "<group>"; };
		18F4113626299B3B00DC15A3 /* Base */ = {isa = PBXFileReference; lastKnownFileType = file.storyboard; name = Base; path = Base.lproj/LaunchScreen.storyboard; sourceTree = "<group>"; };
		18F4113826299B3B00DC15A3 /* Info.plist */ = {isa = PBXFileReference; lastKnownFileType = text.plist.xml; path = Info.plist; sourceTree = "<group>"; };
/* End PBXFileReference section */

/* Begin PBXFrameworksBuildPhase section */
		18F4112426299B3A00DC15A3 /* Frameworks */ = {
			isa = PBXFrameworksBuildPhase;
			buildActionMask = 2147483647;
			files = (
			);
			runOnlyForDeploymentPostprocessing = 0;
		};
/* End PBXFrameworksBuildPhase section */

/* Begin PBXGroup section */
		18F4111E26299B3A00DC15A3 = {
			isa = PBXGroup;
			children = (
				18F4112926299B3A00DC15A3 /* TeamProject */,
				18F4112826299B3A00DC15A3 /* Products */,
			);
			sourceTree = "<group>";
		};
		18F4112826299B3A00DC15A3 /* Products */ = {
			isa = PBXGroup;
			children = (
				18F4112726299B3A00DC15A3 /* TeamProject.app */,
			);
			name = Products;
			sourceTree = "<group>";
		};
		18F4112926299B3A00DC15A3 /* TeamProject */ = {
			isa = PBXGroup;
			children = (
				18F4114226299B7500DC15A3 /* Viewcontrollers */,
				18F4114126299B5D00DC15A3 /* Storyboards */,
				18F4114526299BA900DC15A3 /* Models */,
				18F4114626299BB300DC15A3 /* Data Managers */,
				18F4114026299B4D00DC15A3 /* Resources */,
				18F4114426299B8600DC15A3 /* Support */,
			);
			path = TeamProject;
			sourceTree = "<group>";
		};
		18F4114026299B4D00DC15A3 /* Resources */ = {
			isa = PBXGroup;
			children = (
				18F4113326299B3B00DC15A3 /* Assets.xcassets */,
			);
			path = Resources;
			sourceTree = "<group>";
		};
		18F4114126299B5D00DC15A3 /* Storyboards */ = {
			isa = PBXGroup;
			children = (
				18F4113026299B3A00DC15A3 /* StasMain.storyboard */,
				18F4113526299B3B00DC15A3 /* LaunchScreen.storyboard */,
			);
			path = Storyboards;
			sourceTree = "<group>";
		};
		18F4114226299B7500DC15A3 /* Viewcontrollers */ = {
			isa = PBXGroup;
			children = (
				18F4112E26299B3A00DC15A3 /* FirstViewController.swift */,
				18D6A8C4263223B6008D3FC7 /* ViewController.swift */,
			);
			path = Viewcontrollers;
			sourceTree = "<group>";
		};
		18F4114426299B8600DC15A3 /* Support */ = {
			isa = PBXGroup;
			children = (
				18F4112A26299B3A00DC15A3 /* AppDelegate.swift */,
				18F4112C26299B3A00DC15A3 /* SceneDelegate.swift */,
				18F4113826299B3B00DC15A3 /* Info.plist */,
			);
			path = Support;
			sourceTree = "<group>";
		};
		18F4114526299BA900DC15A3 /* Models */ = {
			isa = PBXGroup;
			children = (
				14AF218C26300E9200399495 /* Person.swift */,
			);
			path = Models;
			sourceTree = "<group>";
		};
		18F4114626299BB300DC15A3 /* Data Managers */ = {
			isa = PBXGroup;
			children = (
			);
			path = "Data Managers";
			sourceTree = "<group>";
		};
/* End PBXGroup section */

/* Begin PBXNativeTarget section */
		18F4112626299B3A00DC15A3 /* TeamProject */ = {
			isa = PBXNativeTarget;
			buildConfigurationList = 18F4113B26299B3B00DC15A3 /* Build configuration list for PBXNativeTarget "TeamProject" */;
			buildPhases = (
				18F4112326299B3A00DC15A3 /* Sources */,
				18F4112426299B3A00DC15A3 /* Frameworks */,
				18F4112526299B3A00DC15A3 /* Resources */,
			);
			buildRules = (
			);
			dependencies = (
			);
			name = TeamProject;
			productName = TeamProject;
			productReference = 18F4112726299B3A00DC15A3 /* TeamProject.app */;
			productType = "com.apple.product-type.application";
		};
/* End PBXNativeTarget section */

/* Begin PBXProject section */
		18F4111F26299B3A00DC15A3 /* Project object */ = {
			isa = PBXProject;
			attributes = {
				LastSwiftUpdateCheck = 1240;
				LastUpgradeCheck = 1240;
				TargetAttributes = {
					18F4112626299B3A00DC15A3 = {
						CreatedOnToolsVersion = 12.4;
					};
				};
			};
			buildConfigurationList = 18F4112226299B3A00DC15A3 /* Build configuration list for PBXProject "TeamProject" */;
			compatibilityVersion = "Xcode 9.3";
			developmentRegion = en;
			hasScannedForEncodings = 0;
			knownRegions = (
				en,
				Base,
			);
			mainGroup = 18F4111E26299B3A00DC15A3;
			productRefGroup = 18F4112826299B3A00DC15A3 /* Products */;
			projectDirPath = "";
			projectRoot = "";
			targets = (
				18F4112626299B3A00DC15A3 /* TeamProject */,
			);
		};
/* End PBXProject section */

/* Begin PBXResourcesBuildPhase section */
		18F4112526299B3A00DC15A3 /* Resources */ = {
			isa = PBXResourcesBuildPhase;
			buildActionMask = 2147483647;
			files = (
				18F4113726299B3B00DC15A3 /* LaunchScreen.storyboard in Resources */,
				18F4113426299B3B00DC15A3 /* Assets.xcassets in Resources */,
				18F4113226299B3A00DC15A3 /* StasMain.storyboard in Resources */,
			);
			runOnlyForDeploymentPostprocessing = 0;
		};
/* End PBXResourcesBuildPhase section */

/* Begin PBXSourcesBuildPhase section */
		18F4112326299B3A00DC15A3 /* Sources */ = {
			isa = PBXSourcesBuildPhase;
			buildActionMask = 2147483647;
			files = (
				18D6A8C5263223B6008D3FC7 /* ViewController.swift in Sources */,
				18F4112F26299B3A00DC15A3 /* FirstViewController.swift in Sources */,
				18F4112B26299B3A00DC15A3 /* AppDelegate.swift in Sources */,
				14AF218D26300E9200399495 /* Person.swift in Sources */,
				18F4112D26299B3A00DC15A3 /* SceneDelegate.swift in Sources */,
			);
			runOnlyForDeploymentPostprocessing = 0;
		};
/* End PBXSourcesBuildPhase section */

/* Begin PBXVariantGroup section */
		18F4113026299B3A00DC15A3 /* StasMain.storyboard */ = {
			isa = PBXVariantGroup;
			children = (
				18F4113126299B3A00DC15A3 /* Base */,
			);
			name = StasMain.storyboard;
			sourceTree = "<group>";
		};
		18F4113526299B3B00DC15A3 /* LaunchScreen.storyboard */ = {
			isa = PBXVariantGroup;
			children = (
				18F4113626299B3B00DC15A3 /* Base */,
			);
			name = LaunchScreen.storyboard;
			sourceTree = "<group>";
		};
/* End PBXVariantGroup section */

/* Begin XCBuildConfiguration section */
		18F4113926299B3B00DC15A3 /* Debug */ = {
			isa = XCBuildConfiguration;
			buildSettings = {
				ALWAYS_SEARCH_USER_PATHS = NO;
				CLANG_ANALYZER_NONNULL = YES;
				CLANG_ANALYZER_NUMBER_OBJECT_CONVERSION = YES_AGGRESSIVE;
				CLANG_CXX_LANGUAGE_STANDARD = "gnu++14";
				CLANG_CXX_LIBRARY = "libc++";
				CLANG_ENABLE_MODULES = YES;
				CLANG_ENABLE_OBJC_ARC = YES;
				CLANG_ENABLE_OBJC_WEAK = YES;
				CLANG_WARN_BLOCK_CAPTURE_AUTORELEASING = YES;
				CLANG_WARN_BOOL_CONVERSION = YES;
				CLANG_WARN_COMMA = YES;
				CLANG_WARN_CONSTANT_CONVERSION = YES;
				CLANG_WARN_DEPRECATED_OBJC_IMPLEMENTATIONS = YES;
				CLANG_WARN_DIRECT_OBJC_ISA_USAGE = YES_ERROR;
				CLANG_WARN_DOCUMENTATION_COMMENTS = YES;
				CLANG_WARN_EMPTY_BODY = YES;
				CLANG_WARN_ENUM_CONVERSION = YES;
				CLANG_WARN_INFINITE_RECURSION = YES;
				CLANG_WARN_INT_CONVERSION = YES;
				CLANG_WARN_NON_LITERAL_NULL_CONVERSION = YES;
				CLANG_WARN_OBJC_IMPLICIT_RETAIN_SELF = YES;
				CLANG_WARN_OBJC_LITERAL_CONVERSION = YES;
				CLANG_WARN_OBJC_ROOT_CLASS = YES_ERROR;
				CLANG_WARN_QUOTED_INCLUDE_IN_FRAMEWORK_HEADER = YES;
				CLANG_WARN_RANGE_LOOP_ANALYSIS = YES;
				CLANG_WARN_STRICT_PROTOTYPES = YES;
				CLANG_WARN_SUSPICIOUS_MOVE = YES;
				CLANG_WARN_UNGUARDED_AVAILABILITY = YES_AGGRESSIVE;
				CLANG_WARN_UNREACHABLE_CODE = YES;
				CLANG_WARN__DUPLICATE_METHOD_MATCH = YES;
				COPY_PHASE_STRIP = NO;
				DEBUG_INFORMATION_FORMAT = dwarf;
				ENABLE_STRICT_OBJC_MSGSEND = YES;
				ENABLE_TESTABILITY = YES;
				GCC_C_LANGUAGE_STANDARD = gnu11;
				GCC_DYNAMIC_NO_PIC = NO;
				GCC_NO_COMMON_BLOCKS = YES;
				GCC_OPTIMIZATION_LEVEL = 0;
				GCC_PREPROCESSOR_DEFINITIONS = (
					"DEBUG=1",
					"$(inherited)",
				);
				GCC_WARN_64_TO_32_BIT_CONVERSION = YES;
				GCC_WARN_ABOUT_RETURN_TYPE = YES_ERROR;
				GCC_WARN_UNDECLARED_SELECTOR = YES;
				GCC_WARN_UNINITIALIZED_AUTOS = YES_AGGRESSIVE;
				GCC_WARN_UNUSED_FUNCTION = YES;
				GCC_WARN_UNUSED_VARIABLE = YES;
				IPHONEOS_DEPLOYMENT_TARGET = 14.4;
				MTL_ENABLE_DEBUG_INFO = INCLUDE_SOURCE;
				MTL_FAST_MATH = YES;
				ONLY_ACTIVE_ARCH = YES;
				SDKROOT = iphoneos;
				SWIFT_ACTIVE_COMPILATION_CONDITIONS = DEBUG;
				SWIFT_OPTIMIZATION_LEVEL = "-Onone";
			};
			name = Debug;
		};
		18F4113A26299B3B00DC15A3 /* Release */ = {
			isa = XCBuildConfiguration;
			buildSettings = {
				ALWAYS_SEARCH_USER_PATHS = NO;
				CLANG_ANALYZER_NONNULL = YES;
				CLANG_ANALYZER_NUMBER_OBJECT_CONVERSION = YES_AGGRESSIVE;
				CLANG_CXX_LANGUAGE_STANDARD = "gnu++14";
				CLANG_CXX_LIBRARY = "libc++";
				CLANG_ENABLE_MODULES = YES;
				CLANG_ENABLE_OBJC_ARC = YES;
				CLANG_ENABLE_OBJC_WEAK = YES;
				CLANG_WARN_BLOCK_CAPTURE_AUTORELEASING = YES;
				CLANG_WARN_BOOL_CONVERSION = YES;
				CLANG_WARN_COMMA = YES;
				CLANG_WARN_CONSTANT_CONVERSION = YES;
				CLANG_WARN_DEPRECATED_OBJC_IMPLEMENTATIONS = YES;
				CLANG_WARN_DIRECT_OBJC_ISA_USAGE = YES_ERROR;
				CLANG_WARN_DOCUMENTATION_COMMENTS = YES;
				CLANG_WARN_EMPTY_BODY = YES;
				CLANG_WARN_ENUM_CONVERSION = YES;
				CLANG_WARN_INFINITE_RECURSION = YES;
				CLANG_WARN_INT_CONVERSION = YES;
				CLANG_WARN_NON_LITERAL_NULL_CONVERSION = YES;
				CLANG_WARN_OBJC_IMPLICIT_RETAIN_SELF = YES;
				CLANG_WARN_OBJC_LITERAL_CONVERSION = YES;
				CLANG_WARN_OBJC_ROOT_CLASS = YES_ERROR;
				CLANG_WARN_QUOTED_INCLUDE_IN_FRAMEWORK_HEADER = YES;
				CLANG_WARN_RANGE_LOOP_ANALYSIS = YES;
				CLANG_WARN_STRICT_PROTOTYPES = YES;
				CLANG_WARN_SUSPICIOUS_MOVE = YES;
				CLANG_WARN_UNGUARDED_AVAILABILITY = YES_AGGRESSIVE;
				CLANG_WARN_UNREACHABLE_CODE = YES;
				CLANG_WARN__DUPLICATE_METHOD_MATCH = YES;
				COPY_PHASE_STRIP = NO;
				DEBUG_INFORMATION_FORMAT = "dwarf-with-dsym";
				ENABLE_NS_ASSERTIONS = NO;
				ENABLE_STRICT_OBJC_MSGSEND = YES;
				GCC_C_LANGUAGE_STANDARD = gnu11;
				GCC_NO_COMMON_BLOCKS = YES;
				GCC_WARN_64_TO_32_BIT_CONVERSION = YES;
				GCC_WARN_ABOUT_RETURN_TYPE = YES_ERROR;
				GCC_WARN_UNDECLARED_SELECTOR = YES;
				GCC_WARN_UNINITIALIZED_AUTOS = YES_AGGRESSIVE;
				GCC_WARN_UNUSED_FUNCTION = YES;
				GCC_WARN_UNUSED_VARIABLE = YES;
				IPHONEOS_DEPLOYMENT_TARGET = 14.4;
				MTL_ENABLE_DEBUG_INFO = NO;
				MTL_FAST_MATH = YES;
				SDKROOT = iphoneos;
				SWIFT_COMPILATION_MODE = wholemodule;
				SWIFT_OPTIMIZATION_LEVEL = "-O";
				VALIDATE_PRODUCT = YES;
			};
			name = Release;
		};
		18F4113C26299B3B00DC15A3 /* Debug */ = {
			isa = XCBuildConfiguration;
			buildSettings = {
				ASSETCATALOG_COMPILER_APPICON_NAME = AppIcon;
				ASSETCATALOG_COMPILER_GLOBAL_ACCENT_COLOR_NAME = AccentColor;
				CODE_SIGN_STYLE = Automatic;
				DEVELOPMENT_TEAM = FC33F5QU8X;
				INFOPLIST_FILE = TeamProject/Support/Info.plist;
				LD_RUNPATH_SEARCH_PATHS = (
					"$(inherited)",
					"@executable_path/Frameworks",
				);
				PRODUCT_BUNDLE_IDENTIFIER = TestovStanislav.TeamProject;
				PRODUCT_NAME = "$(TARGET_NAME)";
				SWIFT_VERSION = 5.0;
				TARGETED_DEVICE_FAMILY = "1,2";
			};
			name = Debug;
		};
		18F4113D26299B3B00DC15A3 /* Release */ = {
			isa = XCBuildConfiguration;
			buildSettings = {
				ASSETCATALOG_COMPILER_APPICON_NAME = AppIcon;
				ASSETCATALOG_COMPILER_GLOBAL_ACCENT_COLOR_NAME = AccentColor;
				CODE_SIGN_STYLE = Automatic;
				DEVELOPMENT_TEAM = FC33F5QU8X;
				INFOPLIST_FILE = TeamProject/Support/Info.plist;
				LD_RUNPATH_SEARCH_PATHS = (
					"$(inherited)",
					"@executable_path/Frameworks",
				);
				PRODUCT_BUNDLE_IDENTIFIER = TestovStanislav.TeamProject;
				PRODUCT_NAME = "$(TARGET_NAME)";
				SWIFT_VERSION = 5.0;
				TARGETED_DEVICE_FAMILY = "1,2";
			};
			name = Release;
		};
/* End XCBuildConfiguration section */

/* Begin XCConfigurationList section */
		18F4112226299B3A00DC15A3 /* Build configuration list for PBXProject "TeamProject" */ = {
			isa = XCConfigurationList;
			buildConfigurations = (
				18F4113926299B3B00DC15A3 /* Debug */,
				18F4113A26299B3B00DC15A3 /* Release */,
			);
			defaultConfigurationIsVisible = 0;
			defaultConfigurationName = Release;
		};
		18F4113B26299B3B00DC15A3 /* Build configuration list for PBXNativeTarget "TeamProject" */ = {
			isa = XCConfigurationList;
			buildConfigurations = (
				18F4113C26299B3B00DC15A3 /* Debug */,
				18F4113D26299B3B00DC15A3 /* Release */,
			);
			defaultConfigurationIsVisible = 0;
			defaultConfigurationName = Release;
		};
/* End XCConfigurationList section */
	};
	rootObject = 18F4111F26299B3A00DC15A3 /* Project object */;
}
